{
  "pins" : [
    {
      "identity" : "attributedtext",
      "kind" : "remoteSourceControl",
      "location" : "https://github.com/gonzalezreal/AttributedText",
      "state" : {
        "revision" : "2dc2d7864e0fee4b524a5850d7d7cf9a7eeda0fc",
        "version" : "1.0.0"
      }
    },
    {
      "identity" : "combine-schedulers",
      "kind" : "remoteSourceControl",
      "location" : "https://github.com/pointfreeco/combine-schedulers",
      "state" : {
        "revision" : "4cf088c29a20f52be0f2ca54992b492c54e0076b",
        "version" : "0.5.3"
      }
    },
    {
      "identity" : "kingfisher",
      "kind" : "remoteSourceControl",
      "location" : "https://github.com/onevcat/Kingfisher.git",
      "state" : {
        "revision" : "32e4acdf6971f58f5ad552389cf2d7d016334eaf",
        "version" : "7.2.0"
      }
    },
    {
      "identity" : "markdownui",
      "kind" : "remoteSourceControl",
      "location" : "https://github.com/gonzalezreal/MarkdownUI",
      "state" : {
        "revision" : "94e07c111f1ef0a9c997d2fadac984e8bb7d7405",
        "version" : "1.0.0"
      }
    },
    {
      "identity" : "networkimage",
      "kind" : "remoteSourceControl",
      "location" : "https://github.com/gonzalezreal/NetworkImage",
      "state" : {
        "revision" : "f8b8ed0be39d2f4aa00a6e8d3b18a62a94eff8d8",
        "version" : "4.0.0"
      }
    },
    {
      "identity" : "swiftcommonmark",
      "kind" : "remoteSourceControl",
      "location" : "https://github.com/gonzalezreal/SwiftCommonMark",
      "state" : {
        "revision" : "ed252beaddecce28ea6363f800c773d6169011b8",
        "version" : "1.0.0"
      }
    },
    {
      "identity" : "xctest-dynamic-overlay",
      "kind" : "remoteSourceControl",
      "location" : "https://github.com/pointfreeco/xctest-dynamic-overlay",
      "state" : {
        "revision" : "50a70a9d3583fe228ce672e8923010c8df2deddd",
        "version" : "0.2.1"
      }
    }
  ],
  "version" : 2
}
